Microsoft Visual Studio Solution File, Format Version 12.00
Project("{9A19103F-16F7-4668-BE54-9A1E7A4F7556}") = "syncProj.Core", "syncProj.Core.csproj", "{8CC440E0-0538-4530-A8E8-1FDCD1CB349A}"
EndProject
Project("{9A19103F-16F7-4668-BE54-9A1E7A4F7556}") = "syncProj.CLI", "..\syncProj.CLI\syncProj.CLI.csproj", "{FEA7965E-D259-44F0-9417-D7822122D927}"
EndProject
Global
	GlobalSection(SolutionConfigurationPlatforms) = preSolution
		Debug|Any CPU = Debug|Any CPU
		Release|Any CPU = Release|Any CPU
	EndGlobalSection
	GlobalSection(ProjectConfigurationPlatforms) = postSolution
		{8CC440E0-0538-4530-A8E8-1FDCD1CB349A}.Debug|Any CPU.ActiveCfg = Debug|Any CPU
		{8CC440E0-0538-4530-A8E8-1FDCD1CB349A}.Debug|Any CPU.Build.0 = Debug|Any CPU
		{8CC440E0-0538-4530-A8E8-1FDCD1CB349A}.Release|Any CPU.ActiveCfg = Release|Any CPU
		{8CC440E0-0538-4530-A8E8-1FDCD1CB349A}.Release|Any CPU.Build.0 = Release|Any CPU
		{FEA7965E-D259-44F0-9417-D7822122D927}.Debug|Any CPU.ActiveCfg = Debug|Any CPU
		{FEA7965E-D259-44F0-9417-D7822122D927}.Debug|Any CPU.Build.0 = Debug|Any CPU
		{FEA7965E-D259-44F0-9417-D7822122D927}.Release|Any CPU.ActiveCfg = Release|Any CPU
		{FEA7965E-D259-44F0-9417-D7822122D927}.Release|Any CPU.Build.0 = Release|Any CPU
	EndGlobalSection
	GlobalSection(SolutionProperties) = preSolution
		HideSolutionNode = FALSE
	EndGlobalSection
	GlobalSection(ExtensibilityGlobals) = postSolution
		SolutionGuid = {331C4A34-05E2-4BFB-AEE8-817AB7739129}
	EndGlobalSection
EndGlobal
